
Microsoft Visual Studio Solution File, Format Version 12.00
# Visual Studio Version 17
VisualStudioVersion = 17.5.002.0
MinimumVisualStudioVersion = 10.0.40219.1
Project("{9A19103F-16F7-4668-BE54-9A1E7A4F7556}") = "Collections", "Collections.csproj", "{31F47C00-C5C6-4DD4-B0C2-15ACFD28E1CC}"
EndProject
Global
	GlobalSection(SolutionConfigurationPlatforms) = preSolution
		Debug|Any CPU = Debug|Any CPU
		Release|Any CPU = Release|Any CPU
	EndGlobalSection
	GlobalSection(ProjectConfigurationPlatforms) = postSolution
		{31F47C00-C5C6-4DD4-B0C2-15ACFD28E1CC}.Debug|Any CPU.ActiveCfg = Debug|Any CPU
		{31F47C00-C5C6-4DD4-B0C2-15ACFD28E1CC}.Debug|Any CPU.Build.0 = Debug|Any CPU
		{31F47C00-C5C6-4DD4-B0C2-15ACFD28E1CC}.Release|Any CPU.ActiveCfg = Release|Any CPU
		{31F47C00-C5C6-4DD4-B0C2-15ACFD28E1CC}.Release|Any CPU.Build.0 = Release|Any CPU
	EndGlobalSection
	GlobalSection(SolutionProperties) = preSolution
		HideSolutionNode = FALSE
	EndGlobalSection
	GlobalSection(ExtensibilityGlobals) = postSolution
		SolutionGuid = {70BB2F94-4B6C-45D9-A161-EBA3680397D9}
	EndGlobalSection
EndGlobal
