
Microsoft Visual Studio Solution File, Format Version 12.00
# Visual Studio Version 17
VisualStudioVersion = 17.5.002.0
MinimumVisualStudioVersion = 10.0.40219.1
Project("{9A19103F-16F7-4668-BE54-9A1E7A4F7556}") = "ClassLibrary", "ClassLibrary.csproj", "{5665321E-5F16-4044-8292-96EA3C7B6258}"
EndProject
Global
	GlobalSection(SolutionConfigurationPlatforms) = preSolution
		Debug|Any CPU = Debug|Any CPU
		Release|Any CPU = Release|Any CPU
	EndGlobalSection
	GlobalSection(ProjectConfigurationPlatforms) = postSolution
		{5665321E-5F16-4044-8292-96EA3C7B6258}.Debug|Any CPU.ActiveCfg = Debug|Any CPU
		{5665321E-5F16-4044-8292-96EA3C7B6258}.Debug|Any CPU.Build.0 = Debug|Any CPU
		{5665321E-5F16-4044-8292-96EA3C7B6258}.Release|Any CPU.ActiveCfg = Release|Any CPU
		{5665321E-5F16-4044-8292-96EA3C7B6258}.Release|Any CPU.Build.0 = Release|Any CPU
	EndGlobalSection
	GlobalSection(SolutionProperties) = preSolution
		HideSolutionNode = FALSE
	EndGlobalSection
	GlobalSection(ExtensibilityGlobals) = postSolution
		SolutionGuid = {463B8D15-8DB3-4633-86C8-5C3605B43804}
	EndGlobalSection
EndGlobal
