
Microsoft Visual Studio Solution File, Format Version 12.00
# Visual Studio Version 17
VisualStudioVersion = 17.11.35327.3
MinimumVisualStudioVersion = 10.0.40219.1
Project("{FAE04EC0-301F-11D3-BF4B-00C04F79EFBC}") = "AssignmentBlazor", "AssignmentBlazor\AssignmentBlazor\AssignmentBlazor.csproj", "{8F5FFCAC-D7E7-4913-B590-384873D9CF13}"
EndProject
Project("{FAE04EC0-301F-11D3-BF4B-00C04F79EFBC}") = "AssignmentBlazor.Client", "AssignmentBlazor\AssignmentBlazor.Client\AssignmentBlazor.Client.csproj", "{23F34A28-6A88-41AB-8B96-9A94A42CD62D}"
EndProject
Global
	GlobalSection(SolutionConfigurationPlatforms) = preSolution
		Debug|Any CPU = Debug|Any CPU
		Release|Any CPU = Release|Any CPU
	EndGlobalSection
	GlobalSection(ProjectConfigurationPlatforms) = postSolution
		{8F5FFCAC-D7E7-4913-B590-384873D9CF13}.Debug|Any CPU.ActiveCfg = Debug|Any CPU
		{8F5FFCAC-D7E7-4913-B590-384873D9CF13}.Debug|Any CPU.Build.0 = Debug|Any CPU
		{8F5FFCAC-D7E7-4913-B590-384873D9CF13}.Release|Any CPU.ActiveCfg = Release|Any CPU
		{8F5FFCAC-D7E7-4913-B590-384873D9CF13}.Release|Any CPU.Build.0 = Release|Any CPU
		{23F34A28-6A88-41AB-8B96-9A94A42CD62D}.Debug|Any CPU.ActiveCfg = Debug|Any CPU
		{23F34A28-6A88-41AB-8B96-9A94A42CD62D}.Debug|Any CPU.Build.0 = Debug|Any CPU
		{23F34A28-6A88-41AB-8B96-9A94A42CD62D}.Release|Any CPU.ActiveCfg = Release|Any CPU
		{23F34A28-6A88-41AB-8B96-9A94A42CD62D}.Release|Any CPU.Build.0 = Release|Any CPU
	EndGlobalSection
	GlobalSection(SolutionProperties) = preSolution
		HideSolutionNode = FALSE
	EndGlobalSection
	GlobalSection(ExtensibilityGlobals) = postSolution
		SolutionGuid = {90823899-1257-4418-870F-59306E7FADC8}
	EndGlobalSection
EndGlobal
