
Microsoft Visual Studio Solution File, Format Version 12.00
# Visual Studio Version 17
VisualStudioVersion = 17.5.002.0
MinimumVisualStudioVersion = 10.0.40219.1
Project("{9A19103F-16F7-4668-BE54-9A1E7A4F7556}") = "WebAPI_Flight", "WebAPI_Flight.csproj", "{4010498E-348B-40C2-BF17-B8900CE6222F}"
EndProject
Project("{FAE04EC0-301F-11D3-BF4B-00C04F79EFBC}") = "JWT_Token_WebAPI", "..\JWT_Token_WebAPI\JWT_Token_WebAPI.csproj", "{24261FC7-BD76-493A-80A2-5FD45BCD7C05}"
EndProject
Global
	GlobalSection(SolutionConfigurationPlatforms) = preSolution
		Debug|Any CPU = Debug|Any CPU
		Release|Any CPU = Release|Any CPU
	EndGlobalSection
	GlobalSection(ProjectConfigurationPlatforms) = postSolution
		{4010498E-348B-40C2-BF17-B8900CE6222F}.Debug|Any CPU.ActiveCfg = Debug|Any CPU
		{4010498E-348B-40C2-BF17-B8900CE6222F}.Debug|Any CPU.Build.0 = Debug|Any CPU
		{4010498E-348B-40C2-BF17-B8900CE6222F}.Release|Any CPU.ActiveCfg = Release|Any CPU
		{4010498E-348B-40C2-BF17-B8900CE6222F}.Release|Any CPU.Build.0 = Release|Any CPU
		{24261FC7-BD76-493A-80A2-5FD45BCD7C05}.Debug|Any CPU.ActiveCfg = Debug|Any CPU
		{24261FC7-BD76-493A-80A2-5FD45BCD7C05}.Debug|Any CPU.Build.0 = Debug|Any CPU
		{24261FC7-BD76-493A-80A2-5FD45BCD7C05}.Release|Any CPU.ActiveCfg = Release|Any CPU
		{24261FC7-BD76-493A-80A2-5FD45BCD7C05}.Release|Any CPU.Build.0 = Release|Any CPU
	EndGlobalSection
	GlobalSection(SolutionProperties) = preSolution
		HideSolutionNode = FALSE
	EndGlobalSection
	GlobalSection(ExtensibilityGlobals) = postSolution
		SolutionGuid = {2AB9E50F-8A85-4B57-A166-575FB496BFF4}
	EndGlobalSection
EndGlobal
