
Microsoft Visual Studio Solution File, Format Version 12.00
# Visual Studio Version 17
VisualStudioVersion = 17.5.002.0
MinimumVisualStudioVersion = 10.0.40219.1
Project("{9A19103F-16F7-4668-BE54-9A1E7A4F7556}") = "LINQ_Program", "LINQ_Program.csproj", "{4429A0CD-7172-43AE-93F0-65BDC9547981}"
EndProject
Global
	GlobalSection(SolutionConfigurationPlatforms) = preSolution
		Debug|Any CPU = Debug|Any CPU
		Release|Any CPU = Release|Any CPU
	EndGlobalSection
	GlobalSection(ProjectConfigurationPlatforms) = postSolution
		{4429A0CD-7172-43AE-93F0-65BDC9547981}.Debug|Any CPU.ActiveCfg = Debug|Any CPU
		{4429A0CD-7172-43AE-93F0-65BDC9547981}.Debug|Any CPU.Build.0 = Debug|Any CPU
		{4429A0CD-7172-43AE-93F0-65BDC9547981}.Release|Any CPU.ActiveCfg = Release|Any CPU
		{4429A0CD-7172-43AE-93F0-65BDC9547981}.Release|Any CPU.Build.0 = Release|Any CPU
	EndGlobalSection
	GlobalSection(SolutionProperties) = preSolution
		HideSolutionNode = FALSE
	EndGlobalSection
	GlobalSection(ExtensibilityGlobals) = postSolution
		SolutionGuid = {584009E1-A274-4820-A5FD-AC8ED00A483A}
	EndGlobalSection
EndGlobal
