
Microsoft Visual Studio Solution File, Format Version 12.00
# Visual Studio Version 17
VisualStudioVersion = 17.5.002.0
MinimumVisualStudioVersion = 10.0.40219.1
Project("{9A19103F-16F7-4668-BE54-9A1E7A4F7556}") = "IEnumerable", "IEnumerable.csproj", "{0E7E36F8-76BB-4F11-8BCE-ACBCBF30130B}"
EndProject
Global
	GlobalSection(SolutionConfigurationPlatforms) = preSolution
		Debug|Any CPU = Debug|Any CPU
		Release|Any CPU = Release|Any CPU
	EndGlobalSection
	GlobalSection(ProjectConfigurationPlatforms) = postSolution
		{0E7E36F8-76BB-4F11-8BCE-ACBCBF30130B}.Debug|Any CPU.ActiveCfg = Debug|Any CPU
		{0E7E36F8-76BB-4F11-8BCE-ACBCBF30130B}.Debug|Any CPU.Build.0 = Debug|Any CPU
		{0E7E36F8-76BB-4F11-8BCE-ACBCBF30130B}.Release|Any CPU.ActiveCfg = Release|Any CPU
		{0E7E36F8-76BB-4F11-8BCE-ACBCBF30130B}.Release|Any CPU.Build.0 = Release|Any CPU
	EndGlobalSection
	GlobalSection(SolutionProperties) = preSolution
		HideSolutionNode = FALSE
	EndGlobalSection
	GlobalSection(ExtensibilityGlobals) = postSolution
		SolutionGuid = {C53861C0-6EE2-41B3-A3E0-34741EF75355}
	EndGlobalSection
EndGlobal
